
Microsoft Visual Studio Solution File, Format Version 12.00
# Visual Studio Version 17
VisualStudioVersion = 17.13.35818.85 d17.13
MinimumVisualStudioVersion = 10.0.40219.1
Project("{FAE04EC0-301F-11D3-BF4B-00C04F79EFBC}") = "C# Tutorial", "C# Tutorial\C# Tutorial.csproj", "{DB5D20F3-4D65-4644-9304-BAFDBA476504}"
EndProject
Global
	GlobalSection(SolutionConfigurationPlatforms) = preSolution
		Debug|Any CPU = Debug|Any CPU
		Release|Any CPU = Release|Any CPU
	EndGlobalSection
	GlobalSection(ProjectConfigurationPlatforms) = postSolution
		{DB5D20F3-4D65-4644-9304-BAFDBA476504}.Debug|Any CPU.ActiveCfg = Debug|Any CPU
		{DB5D20F3-4D65-4644-9304-BAFDBA476504}.Debug|Any CPU.Build.0 = Debug|Any CPU
		{DB5D20F3-4D65-4644-9304-BAFDBA476504}.Release|Any CPU.ActiveCfg = Release|Any CPU
		{DB5D20F3-4D65-4644-9304-BAFDBA476504}.Release|Any CPU.Build.0 = Release|Any CPU
	EndGlobalSection
	GlobalSection(SolutionProperties) = preSolution
		HideSolutionNode = FALSE
	EndGlobalSection
	GlobalSection(ExtensibilityGlobals) = postSolution
		SolutionGuid = {73839243-5AD0-4ABE-BD07-E59276ACA47C}
	EndGlobalSection
EndGlobal
